
Microsoft Visual Studio Solution File, Format Version 12.00
# Visual Studio Version 17
VisualStudioVersion = 17.1.32421.90
MinimumVisualStudioVersion = 10.0.40219.1
Project("{FAE04EC0-301F-11D3-BF4B-00C04F79EFBC}") = "AUMENTO DE SALARIO", "AUMENTO DE SALARIO\AUMENTO DE SALARIO.csproj", "{D6E6558C-14AA-48D6-814D-409CAAD0EE41}"
EndProject
Global
	GlobalSection(SolutionConfigurationPlatforms) = preSolution
		Debug|Any CPU = Debug|Any CPU
		Release|Any CPU = Release|Any CPU
	EndGlobalSection
	GlobalSection(ProjectConfigurationPlatforms) = postSolution
		{D6E6558C-14AA-48D6-814D-409CAAD0EE41}.Debug|Any CPU.ActiveCfg = Debug|Any CPU
		{D6E6558C-14AA-48D6-814D-409CAAD0EE41}.Debug|Any CPU.Build.0 = Debug|Any CPU
		{D6E6558C-14AA-48D6-814D-409CAAD0EE41}.Release|Any CPU.ActiveCfg = Release|Any CPU
		{D6E6558C-14AA-48D6-814D-409CAAD0EE41}.Release|Any CPU.Build.0 = Release|Any CPU
	EndGlobalSection
	GlobalSection(SolutionProperties) = preSolution
		HideSolutionNode = FALSE
	EndGlobalSection
	GlobalSection(ExtensibilityGlobals) = postSolution
		SolutionGuid = {FB2D910F-5FA4-4602-A52D-9432B2805029}
	EndGlobalSection
EndGlobal
